
Microsoft Visual Studio Solution File, Format Version 12.00
# Visual Studio Version 16
VisualStudioVersion = 16.0.31321.278
MinimumVisualStudioVersion = 10.0.40219.1
Project("{9A19103F-16F7-4668-BE54-9A1E7A4F7556}") = "Catalog", "Catalog\Catalog.csproj", "{3549D21A-846F-4407-85EB-5B8F3C2A1B65}"
EndProject
Project("{FAE04EC0-301F-11D3-BF4B-00C04F79EFBC}") = "UnitTest", "UnitTest\UnitTest.csproj", "{EC2BAFA7-754D-44A7-BFD7-EE0647A0DEE3}"
EndProject
Global
	GlobalSection(SolutionConfigurationPlatforms) = preSolution
		Debug|Any CPU = Debug|Any CPU
		Release|Any CPU = Release|Any CPU
	EndGlobalSection
	GlobalSection(ProjectConfigurationPlatforms) = postSolution
		{3549D21A-846F-4407-85EB-5B8F3C2A1B65}.Debug|Any CPU.ActiveCfg = Debug|Any CPU
		{3549D21A-846F-4407-85EB-5B8F3C2A1B65}.Debug|Any CPU.Build.0 = Debug|Any CPU
		{3549D21A-846F-4407-85EB-5B8F3C2A1B65}.Release|Any CPU.ActiveCfg = Release|Any CPU
		{3549D21A-846F-4407-85EB-5B8F3C2A1B65}.Release|Any CPU.Build.0 = Release|Any CPU
		{EC2BAFA7-754D-44A7-BFD7-EE0647A0DEE3}.Debug|Any CPU.ActiveCfg = Debug|Any CPU
		{EC2BAFA7-754D-44A7-BFD7-EE0647A0DEE3}.Debug|Any CPU.Build.0 = Debug|Any CPU
		{EC2BAFA7-754D-44A7-BFD7-EE0647A0DEE3}.Release|Any CPU.ActiveCfg = Release|Any CPU
		{EC2BAFA7-754D-44A7-BFD7-EE0647A0DEE3}.Release|Any CPU.Build.0 = Release|Any CPU
	EndGlobalSection
	GlobalSection(SolutionProperties) = preSolution
		HideSolutionNode = FALSE
	EndGlobalSection
	GlobalSection(ExtensibilityGlobals) = postSolution
		SolutionGuid = {BEBF02F2-B2BD-4E3A-A164-5FF214B7E741}
	EndGlobalSection
EndGlobal
